{
  "name": "rough-notation-web",
  "version": "1.0.0",
  "lockfileVersion": 1,
  "requires": true,
  "dependencies": {
    "rough-notation": {
      "version": "0.4.0",
      "resolved": "https://registry.npmjs.org/rough-notation/-/rough-notation-0.4.0.tgz",
      "integrity": "sha512-hDgn9qMIxWnfY+WWjt30aLMtDHR13H8r/NI3EQNdJiEFAzpklH5nKg4eH/thpxCWTYzyg8ueMsKIfz9MzOBQ4Q=="
    }
  }
}
