{
  "name": "rough-notation-web",
  "version": "1.0.0",
  "lockfileVersion": 1,
  "requires": true,
  "dependencies": {
    "rough-notation": {
      "version": "0.3.2",
      "resolved": "https://registry.npmjs.org/rough-notation/-/rough-notation-0.3.2.tgz",
      "integrity": "sha512-75bxoFkhwPzCWPdpXCTRt4cLJQ3ZZsGcqoL/WuH/M5X9CFfOxK4CZv2T7HbKc5Twly+bcPhGUrrl9S8BEz9IBg=="
    }
  }
}
