{
  "name": "rough-notation-web",
  "version": "1.0.0",
  "lockfileVersion": 1,
  "requires": true,
  "dependencies": {
    "rough-notation": {
      "version": "0.3.3",
      "resolved": "https://registry.npmjs.org/rough-notation/-/rough-notation-0.3.3.tgz",
      "integrity": "sha512-u2wn53Re907g208tPOxNdlv3WYRaXmXxd7JNTbAzzrkG4/6Iw5ZdhdXol8/AiVreUgt3MiBWpPVt+SYJwkNkXQ=="
    }
  }
}
